
Microsoft Visual Studio Solution File, Format Version 12.00
# Visual Studio Version 16
VisualStudioVersion = 16.0.31321.278
MinimumVisualStudioVersion = 10.0.40219.1
Project("{9A19103F-16F7-4668-BE54-9A1E7A4F7556}") = "MovieZone.API", "MovieZone\MovieZone.API.csproj", "{FD067EC6-37A1-49B8-8FF2-47ADA566D023}"
EndProject
Project("{9A19103F-16F7-4668-BE54-9A1E7A4F7556}") = "MovieZone.Domain", "MovieZone.Domain\MovieZone.Domain.csproj", "{39B7BA45-7919-44AC-A0F1-5AF4D769022A}"
EndProject
Project("{9A19103F-16F7-4668-BE54-9A1E7A4F7556}") = "MovieZone.Infrastructure", "MovieZone.Infrastructure\MovieZone.Infrastructure.csproj", "{4DDC6B68-997D-44AF-B3B2-C4BFA35AA73D}"
EndProject
Project("{2150E333-8FDC-42A3-9474-1A3956D46DE8}") = "Tests", "Tests", "{67D4703C-587F-44A9-A87F-CDFE7C601F9A}"
EndProject
Global
	GlobalSection(SolutionConfigurationPlatforms) = preSolution
		Debug|Any CPU = Debug|Any CPU
		Release|Any CPU = Release|Any CPU
	EndGlobalSection
	GlobalSection(ProjectConfigurationPlatforms) = postSolution
		{FD067EC6-37A1-49B8-8FF2-47ADA566D023}.Debug|Any CPU.ActiveCfg = Debug|Any CPU
		{FD067EC6-37A1-49B8-8FF2-47ADA566D023}.Debug|Any CPU.Build.0 = Debug|Any CPU
		{FD067EC6-37A1-49B8-8FF2-47ADA566D023}.Release|Any CPU.ActiveCfg = Release|Any CPU
		{FD067EC6-37A1-49B8-8FF2-47ADA566D023}.Release|Any CPU.Build.0 = Release|Any CPU
		{39B7BA45-7919-44AC-A0F1-5AF4D769022A}.Debug|Any CPU.ActiveCfg = Debug|Any CPU
		{39B7BA45-7919-44AC-A0F1-5AF4D769022A}.Debug|Any CPU.Build.0 = Debug|Any CPU
		{39B7BA45-7919-44AC-A0F1-5AF4D769022A}.Release|Any CPU.ActiveCfg = Release|Any CPU
		{39B7BA45-7919-44AC-A0F1-5AF4D769022A}.Release|Any CPU.Build.0 = Release|Any CPU
		{4DDC6B68-997D-44AF-B3B2-C4BFA35AA73D}.Debug|Any CPU.ActiveCfg = Debug|Any CPU
		{4DDC6B68-997D-44AF-B3B2-C4BFA35AA73D}.Debug|Any CPU.Build.0 = Debug|Any CPU
		{4DDC6B68-997D-44AF-B3B2-C4BFA35AA73D}.Release|Any CPU.ActiveCfg = Release|Any CPU
		{4DDC6B68-997D-44AF-B3B2-C4BFA35AA73D}.Release|Any CPU.Build.0 = Release|Any CPU
	EndGlobalSection
	GlobalSection(SolutionProperties) = preSolution
		HideSolutionNode = FALSE
	EndGlobalSection
	GlobalSection(ExtensibilityGlobals) = postSolution
		SolutionGuid = {C41D0C50-04B8-4680-8B00-13250B33CBFD}
	EndGlobalSection
EndGlobal
